{
  "nodes": {
    "advisory-db": {
      "flake": false,
      "locked": {
        "lastModified": 1735928634,
        "narHash": "sha256-Qg1vJOuEohAbdRmTTOLrbbGsyK9KRB54r3+aBuOMctM=",
        "owner": "rustsec",
        "repo": "advisory-db",
        "rev": "63a2f39924f66ca89cf5761f299a8a244fe02543",
        "type": "github"
      },
      "original": {
        "owner": "rustsec",
        "repo": "advisory-db",
        "type": "github"
      }
    },
    "crane": {
      "locked": {
        "lastModified": 1736898272,
        "narHash": "sha256-D10wlrU/HCpSRcb3a7yk+bU3ggpMD1kGbseKtO+7teo=",
        "owner": "ipetkov",
        "repo": "crane",
        "rev": "6a589f034202a7c6e10bce6c5d1d392d7bc0f340",
        "type": "github"
      },
      "original": {
        "owner": "ipetkov",
        "repo": "crane",
        "type": "github"
      }
    },
    "fenix": {
      "inputs": {
        "nixpkgs": [
          "nixpkgs"
        ],
        "rust-analyzer-src": "rust-analyzer-src"
      },
      "locked": {
        "lastModified": 1737095570,
        "narHash": "sha256-kF9kcVsMP6Gxz/E93n10eH7avYHjF0WbXxLBRZzXU+Q=",
        "owner": "nix-community",
        "repo": "fenix",
        "rev": "2cea23a60eb157387ea6fed9bc7d4c4fb90e0670",
        "type": "github"
      },
      "original": {
        "owner": "nix-community",
        "repo": "fenix",
        "type": "github"
      }
    },
    "flake-utils": {
      "inputs": {
        "systems": "systems"
      },
      "locked": {
        "lastModified": 1731533236,
        "narHash": "sha256-l0KFg5HjrsfsO/JpG+r7fRrqm12kzFHyUHqHCVpMMbI=",
        "owner": "numtide",
        "repo": "flake-utils",
        "rev": "11707dc2f618dd54ca8739b309ec4fc024de578b",
        "type": "github"
      },
      "original": {
        "owner": "numtide",
        "repo": "flake-utils",
        "type": "github"
      }
    },
    "nixpkgs": {
      "locked": {
        "lastModified": 1737003892,
        "narHash": "sha256-RCzJE9wKByLCXmRBp+z8LK9EgdW+K+W/DXnJS4S/NVo=",
        "owner": "NixOS",
        "repo": "nixpkgs",
        "rev": "ae06b9c2d83cb5c8b12d7d0e32692e93d1379713",
        "type": "github"
      },
      "original": {
        "owner": "NixOS",
        "ref": "nixpkgs-unstable",
        "repo": "nixpkgs",
        "type": "github"
      }
    },
    "root": {
      "inputs": {
        "advisory-db": "advisory-db",
        "crane": "crane",
        "fenix": "fenix",
        "flake-utils": "flake-utils",
        "nixpkgs": "nixpkgs"
      }
    },
    "rust-analyzer-src": {
      "flake": false,
      "locked": {
        "lastModified": 1737037493,
        "narHash": "sha256-M9uAw56IQ2fpYLDavBcaHbvyjwO8/ox5zDnUI5vdNVs=",
        "owner": "rust-lang",
        "repo": "rust-analyzer",
        "rev": "903bc8133cc788a07bde3cd6ac8a045e8a78f609",
        "type": "github"
      },
      "original": {
        "owner": "rust-lang",
        "ref": "nightly",
        "repo": "rust-analyzer",
        "type": "github"
      }
    },
    "systems": {
      "locked": {
        "lastModified": 1681028828,
        "narHash": "sha256-Vy1rq5AaRuLzOxct8nz4T6wlgyUR7zLU309k9mBC768=",
        "owner": "nix-systems",
        "repo": "default",
        "rev": "da67096a3b9bf56a91d16901293e51ba5b49a27e",
        "type": "github"
      },
      "original": {
        "owner": "nix-systems",
        "repo": "default",
        "type": "github"
      }
    }
  },
  "root": "root",
  "version": 7
}
